// !$*UTF8*$!
{
	archiveVersion = 1;
	classes = {
	};
	objectVersion = 50;
	objects = {

/* Begin PBXBuildFile section */
		04CFB6FF25D4476600504965 /* AppDelegate.swift in Sources */ = {isa = PBXBuildFile; fileRef = 04CFB6FE25D4476600504965 /* AppDelegate.swift */; };
		04CFB70125D4476600504965 /* SceneDelegate.swift in Sources */ = {isa = PBXBuildFile; fileRef = 04CFB70025D4476600504965 /* SceneDelegate.swift */; };
		04CFB70325D4476600504965 /* ViewController.swift in Sources */ = {isa = PBXBuildFile; fileRef = 04CFB70225D4476600504965 /* ViewController.swift */; };
		04CFB70625D4476600504965 /* Main.storyboard in Resources */ = {isa = PBXBuildFile; fileRef = 04CFB70425D4476600504965 /* Main.storyboard */; };
		04CFB70825D4476800504965 /* Assets.xcassets in Resources */ = {isa = PBXBuildFile; fileRef = 04CFB70725D4476800504965 /* Assets.xcassets */; };
		04CFB70B25D4476800504965 /* LaunchScreen.storyboard in Resources */ = {isa = PBXBuildFile; fileRef = 04CFB70925D4476800504965 /* LaunchScreen.storyboard */; };
		04CFB71625D4476900504965 /* MemoTests.swift in Sources */ = {isa = PBXBuildFile; fileRef = 04CFB71525D4476900504965 /* MemoTests.swift */; };
		04CFB72125D4476900504965 /* MemoUITests.swift in Sources */ = {isa = PBXBuildFile; fileRef = 04CFB72025D4476900504965 /* MemoUITests.swift */; };
		04CFB73225D4483400504965 /* MemoViewController.swift in Sources */ = {isa = PBXBuildFile; fileRef = 04CFB73125D4483400504965 /* MemoViewController.swift */; };
		04CFB73725D44C4700504965 /* memo.png in Resources */ = {isa = PBXBuildFile; fileRef = 04CFB73625D44C4700504965 /* memo.png */; };
		04CFB73C25D51B6E00504965 /* TodoViewController.swift in Sources */ = {isa = PBXBuildFile; fileRef = 04CFB73B25D51B6E00504965 /* TodoViewController.swift */; };
/* End PBXBuildFile section */

/* Begin PBXContainerItemProxy section */
		04CFB71225D4476900504965 /* PBXContainerItemProxy */ = {
			isa = PBXContainerItemProxy;
			containerPortal = 04CFB6F325D4476600504965 /* Project object */;
			proxyType = 1;
			remoteGlobalIDString = 04CFB6FA25D4476600504965;
			remoteInfo = Memo;
		};
		04CFB71D25D4476900504965 /* PBXContainerItemProxy */ = {
			isa = PBXContainerItemProxy;
			containerPortal = 04CFB6F325D4476600504965 /* Project object */;
			proxyType = 1;
			remoteGlobalIDString = 04CFB6FA25D4476600504965;
			remoteInfo = Memo;
		};
/* End PBXContainerItemProxy section */

/* Begin PBXFileReference section */
		04CFB6FB25D4476600504965 /* Memo.app */ = {isa = PBXFileReference; explicitFileType = wrapper.application; includeInIndex = 0; path = Memo.app; sourceTree = BUILT_PRODUCTS_DIR; };
		04CFB6FE25D4476600504965 /* AppDelegate.swift */ = {isa = PBXFileReference; lastKnownFileType = sourcecode.swift; path = AppDelegate.swift; sourceTree = "<group>"; };
		04CFB70025D4476600504965 /* SceneDelegate.swift */ = {isa = PBXFileReference; lastKnownFileType = sourcecode.swift; path = SceneDelegate.swift; sourceTree = "<group>"; };
		04CFB70225D4476600504965 /* ViewController.swift */ = {isa = PBXFileReference; lastKnownFileType = sourcecode.swift; path = ViewController.swift; sourceTree = "<group>"; };
		04CFB70525D4476600504965 /* Base */ = {isa = PBXFileReference; lastKnownFileType = file.storyboard; name = Base; path = Base.lproj/Main.storyboard; sourceTree = "<group>"; };
		04CFB70725D4476800504965 /* Assets.xcassets */ = {isa = PBXFileReference; lastKnownFileType = folder.assetcatalog; path = Assets.xcassets; sourceTree = "<group>"; };
		04CFB70A25D4476800504965 /* Base */ = {isa = PBXFileReference; lastKnownFileType = file.storyboard; name = Base; path = Base.lproj/LaunchScreen.storyboard; sourceTree = "<group>"; };
		04CFB70C25D4476800504965 /* Info.plist */ = {isa = PBXFileReference; lastKnownFileType = text.plist.xml; path = Info.plist; sourceTree = "<group>"; };
		04CFB71125D4476900504965 /* MemoTests.xctest */ = {isa = PBXFileReference; explicitFileType = wrapper.cfbundle; includeInIndex = 0; path = MemoTests.xctest; sourceTree = BUILT_PRODUCTS_DIR; };
		04CFB71525D4476900504965 /* MemoTests.swift */ = {isa = PBXFileReference; lastKnownFileType = sourcecode.swift; path = MemoTests.swift; sourceTree = "<group>"; };
		04CFB71725D4476900504965 /* Info.plist */ = {isa = PBXFileReference; lastKnownFileType = text.plist.xml; path = Info.plist; sourceTree = "<group>"; };
		04CFB71C25D4476900504965 /* MemoUITests.xctest */ = {isa = PBXFileReference; explicitFileType = wrapper.cfbundle; includeInIndex = 0; path = MemoUITests.xctest; sourceTree = BUILT_PRODUCTS_DIR; };
		04CFB72025D4476900504965 /* MemoUITests.swift */ = {isa = PBXFileReference; lastKnownFileType = sourcecode.swift; path = MemoUITests.swift; sourceTree = "<group>"; };
		04CFB72225D4476900504965 /* Info.plist */ = {isa = PBXFileReference; lastKnownFileType = text.plist.xml; path = Info.plist; sourceTree = "<group>"; };
		04CFB73125D4483400504965 /* MemoViewController.swift */ = {isa = PBXFileReference; lastKnownFileType = sourcecode.swift; path = MemoViewController.swift; sourceTree = "<group>"; };
		04CFB73625D44C4700504965 /* memo.png */ = {isa = PBXFileReference; lastKnownFileType = image.png; path = memo.png; sourceTree = "<group>"; };
		04CFB73B25D51B6E00504965 /* TodoViewController.swift */ = {isa = PBXFileReference; lastKnownFileType = sourcecode.swift; path = TodoViewController.swift; sourceTree = "<group>"; };
/* End PBXFileReference section */

/* Begin PBXFrameworksBuildPhase section */
		04CFB6F825D4476600504965 /* Frameworks */ = {
			isa = PBXFrameworksBuildPhase;
			buildActionMask = 2147483647;
			files = (
			);
			runOnlyForDeploymentPostprocessing = 0;
		};
		04CFB70E25D4476900504965 /* Frameworks */ = {
			isa = PBXFrameworksBuildPhase;
			buildActionMask = 2147483647;
			files = (
			);
			runOnlyForDeploymentPostprocessing = 0;
		};
		04CFB71925D4476900504965 /* Frameworks */ = {
			isa = PBXFrameworksBuildPhase;
			buildActionMask = 2147483647;
			files = (
			);
			runOnlyForDeploymentPostprocessing = 0;
		};
/* End PBXFrameworksBuildPhase section */

/* Begin PBXGroup section */
		04CFB6F225D4476600504965 = {
			isa = PBXGroup;
			children = (
				04CFB6FD25D4476600504965 /* Memo */,
				04CFB71425D4476900504965 /* MemoTests */,
				04CFB71F25D4476900504965 /* MemoUITests */,
				04CFB6FC25D4476600504965 /* Products */,
			);
			sourceTree = "<group>";
		};
		04CFB6FC25D4476600504965 /* Products */ = {
			isa = PBXGroup;
			children = (
				04CFB6FB25D4476600504965 /* Memo.app */,
				04CFB71125D4476900504965 /* MemoTests.xctest */,
				04CFB71C25D4476900504965 /* MemoUITests.xctest */,
			);
			name = Products;
			sourceTree = "<group>";
		};
		04CFB6FD25D4476600504965 /* Memo */ = {
			isa = PBXGroup;
			children = (
				04CFB73625D44C4700504965 /* memo.png */,
				04CFB6FE25D4476600504965 /* AppDelegate.swift */,
				04CFB70025D4476600504965 /* SceneDelegate.swift */,
				04CFB70225D4476600504965 /* ViewController.swift */,
				04CFB70425D4476600504965 /* Main.storyboard */,
				04CFB70725D4476800504965 /* Assets.xcassets */,
				04CFB70925D4476800504965 /* LaunchScreen.storyboard */,
				04CFB70C25D4476800504965 /* Info.plist */,
				04CFB73125D4483400504965 /* MemoViewController.swift */,
				04CFB73B25D51B6E00504965 /* TodoViewController.swift */,
			);
			path = Memo;
			sourceTree = "<group>";
		};
		04CFB71425D4476900504965 /* MemoTests */ = {
			isa = PBXGroup;
			children = (
				04CFB71525D4476900504965 /* MemoTests.swift */,
				04CFB71725D4476900504965 /* Info.plist */,
			);
			path = MemoTests;
			sourceTree = "<group>";
		};
		04CFB71F25D4476900504965 /* MemoUITests */ = {
			isa = PBXGroup;
			children = (
				04CFB72025D4476900504965 /* MemoUITests.swift */,
				04CFB72225D4476900504965 /* Info.plist */,
			);
			path = MemoUITests;
			sourceTree = "<group>";
		};
/* End PBXGroup section */

/* Begin PBXNativeTarget section */
		04CFB6FA25D4476600504965 /* Memo */ = {
			isa = PBXNativeTarget;
			buildConfigurationList = 04CFB72525D4476900504965 /* Build configuration list for PBXNativeTarget "Memo" */;
			buildPhases = (
				04CFB6F725D4476600504965 /* Sources */,
				04CFB6F825D4476600504965 /* Frameworks */,
				04CFB6F925D4476600504965 /* Resources */,
			);
			buildRules = (
			);
			dependencies = (
			);
			name = Memo;
			productName = Memo;
			productReference = 04CFB6FB25D4476600504965 /* Memo.app */;
			productType = "com.apple.product-type.application";
		};
		04CFB71025D4476900504965 /* MemoTests */ = {
			isa = PBXNativeTarget;
			buildConfigurationList = 04CFB72825D4476900504965 /* Build configuration list for PBXNativeTarget "MemoTests" */;
			buildPhases = (
				04CFB70D25D4476900504965 /* Sources */,
				04CFB70E25D4476900504965 /* Frameworks */,
				04CFB70F25D4476900504965 /* Resources */,
			);
			buildRules = (
			);
			dependencies = (
				04CFB71325D4476900504965 /* PBXTargetDependency */,
			);
			name = MemoTests;
			productName = MemoTests;
			productReference = 04CFB71125D4476900504965 /* MemoTests.xctest */;
			productType = "com.apple.product-type.bundle.unit-test";
		};
		04CFB71B25D4476900504965 /* MemoUITests */ = {
			isa = PBXNativeTarget;
			buildConfigurationList = 04CFB72B25D4476900504965 /* Build configuration list for PBXNativeTarget "MemoUITests" */;
			buildPhases = (
				04CFB71825D4476900504965 /* Sources */,
				04CFB71925D4476900504965 /* Frameworks */,
				04CFB71A25D4476900504965 /* Resources */,
			);
			buildRules = (
			);
			dependencies = (
				04CFB71E25D4476900504965 /* PBXTargetDependency */,
			);
			name = MemoUITests;
			productName = MemoUITests;
			productReference = 04CFB71C25D4476900504965 /* MemoUITests.xctest */;
			productType = "com.apple.product-type.bundle.ui-testing";
		};
/* End PBXNativeTarget section */

/* Begin PBXProject section */
		04CFB6F325D4476600504965 /* Project object */ = {
			isa = PBXProject;
			attributes = {
				LastSwiftUpdateCheck = 1240;
				LastUpgradeCheck = 1240;
				TargetAttributes = {
					04CFB6FA25D4476600504965 = {
						CreatedOnToolsVersion = 12.4;
					};
					04CFB71025D4476900504965 = {
						CreatedOnToolsVersion = 12.4;
						TestTargetID = 04CFB6FA25D4476600504965;
					};
					04CFB71B25D4476900504965 = {
						CreatedOnToolsVersion = 12.4;
						TestTargetID = 04CFB6FA25D4476600504965;
					};
				};
			};
			buildConfigurationList = 04CFB6F625D4476600504965 /* Build configuration list for PBXProject "Memo" */;
			compatibilityVersion = "Xcode 9.3";
			developmentRegion = en;
			hasScannedForEncodings = 0;
			knownRegions = (
				en,
				Base,
			);
			mainGroup = 04CFB6F225D4476600504965;
			productRefGroup = 04CFB6FC25D4476600504965 /* Products */;
			projectDirPath = "";
			projectRoot = "";
			targets = (
				04CFB6FA25D4476600504965 /* Memo */,
				04CFB71025D4476900504965 /* MemoTests */,
				04CFB71B25D4476900504965 /* MemoUITests */,
			);
		};
/* End PBXProject section */

/* Begin PBXResourcesBuildPhase section */
		04CFB6F925D4476600504965 /* Resources */ = {
			isa = PBXResourcesBuildPhase;
			buildActionMask = 2147483647;
			files = (
				04CFB70B25D4476800504965 /* LaunchScreen.storyboard in Resources */,
				04CFB73725D44C4700504965 /* memo.png in Resources */,
				04CFB70825D4476800504965 /* Assets.xcassets in Resources */,
				04CFB70625D4476600504965 /* Main.storyboard in Resources */,
			);
			runOnlyForDeploymentPostprocessing = 0;
		};
		04CFB70F25D4476900504965 /* Resources */ = {
			isa = PBXResourcesBuildPhase;
			buildActionMask = 2147483647;
			files = (
			);
			runOnlyForDeploymentPostprocessing = 0;
		};
		04CFB71A25D4476900504965 /* Resources */ = {
			isa = PBXResourcesBuildPhase;
			buildActionMask = 2147483647;
			files = (
			);
			runOnlyForDeploymentPostprocessing = 0;
		};
/* End PBXResourcesBuildPhase section */

/* Begin PBXSourcesBuildPhase section */
		04CFB6F725D4476600504965 /* Sources */ = {
			isa = PBXSourcesBuildPhase;
			buildActionMask = 2147483647;
			files = (
				04CFB73C25D51B6E00504965 /* TodoViewController.swift in Sources */,
				04CFB73225D4483400504965 /* MemoViewController.swift in Sources */,
				04CFB70325D4476600504965 /* ViewController.swift in Sources */,
				04CFB6FF25D4476600504965 /* AppDelegate.swift in Sources */,
				04CFB70125D4476600504965 /* SceneDelegate.swift in Sources */,
			);
			runOnlyForDeploymentPostprocessing = 0;
		};
		04CFB70D25D4476900504965 /* Sources */ = {
			isa = PBXSourcesBuildPhase;
			buildActionMask = 2147483647;
			files = (
				04CFB71625D4476900504965 /* MemoTests.swift in Sources */,
			);
			runOnlyForDeploymentPostprocessing = 0;
		};
		04CFB71825D4476900504965 /* Sources */ = {
			isa = PBXSourcesBuildPhase;
			buildActionMask = 2147483647;
			files = (
				04CFB72125D4476900504965 /* MemoUITests.swift in Sources */,
			);
			runOnlyForDeploymentPostprocessing = 0;
		};
/* End PBXSourcesBuildPhase section */

/* Begin PBXTargetDependency section */
		04CFB71325D4476900504965 /* PBXTargetDependency */ = {
			isa = PBXTargetDependency;
			target = 04CFB6FA25D4476600504965 /* Memo */;
			targetProxy = 04CFB71225D4476900504965 /* PBXContainerItemProxy */;
		};
		04CFB71E25D4476900504965 /* PBXTargetDependency */ = {
			isa = PBXTargetDependency;
			target = 04CFB6FA25D4476600504965 /* Memo */;
			targetProxy = 04CFB71D25D4476900504965 /* PBXContainerItemProxy */;
		};
/* End PBXTargetDependency section */

/* Begin PBXVariantGroup section */
		04CFB70425D4476600504965 /* Main.storyboard */ = {
			isa = PBXVariantGroup;
			children = (
				04CFB70525D4476600504965 /* Base */,
			);
			name = Main.storyboard;
			sourceTree = "<group>";
		};
		04CFB70925D4476800504965 /* LaunchScreen.storyboard */ = {
			isa = PBXVariantGroup;
			children = (
				04CFB70A25D4476800504965 /* Base */,
			);
			name = LaunchScreen.storyboard;
			sourceTree = "<group>";
		};
/* End PBXVariantGroup section */

/* Begin XCBuildConfiguration section */
		04CFB72325D4476900504965 /* Debug */ = {
			isa = XCBuildConfiguration;
			buildSettings = {
				ALWAYS_SEARCH_USER_PATHS = NO;
				CLANG_ANALYZER_NONNULL = YES;
				CLANG_ANALYZER_NUMBER_OBJECT_CONVERSION = YES_AGGRESSIVE;
				CLANG_CXX_LANGUAGE_STANDARD = "gnu++14";
				CLANG_CXX_LIBRARY = "libc++";
				CLANG_ENABLE_MODULES = YES;
				CLANG_ENABLE_OBJC_ARC = YES;
				CLANG_ENABLE_OBJC_WEAK = YES;
				CLANG_WARN_BLOCK_CAPTURE_AUTORELEASING = YES;
				CLANG_WARN_BOOL_CONVERSION = YES;
				CLANG_WARN_COMMA = YES;
				CLANG_WARN_CONSTANT_CONVERSION = YES;
				CLANG_WARN_DEPRECATED_OBJC_IMPLEMENTATIONS = YES;
				CLANG_WARN_DIRECT_OBJC_ISA_USAGE = YES_ERROR;
				CLANG_WARN_DOCUMENTATION_COMMENTS = YES;
				CLANG_WARN_EMPTY_BODY = YES;
				CLANG_WARN_ENUM_CONVERSION = YES;
				CLANG_WARN_INFINITE_RECURSION = YES;
				CLANG_WARN_INT_CONVERSION = YES;
				CLANG_WARN_NON_LITERAL_NULL_CONVERSION = YES;
				CLANG_WARN_OBJC_IMPLICIT_RETAIN_SELF = YES;
				CLANG_WARN_OBJC_LITERAL_CONVERSION = YES;
				CLANG_WARN_OBJC_ROOT_CLASS = YES_ERROR;
				CLANG_WARN_QUOTED_INCLUDE_IN_FRAMEWORK_HEADER = YES;
				CLANG_WARN_RANGE_LOOP_ANALYSIS = YES;
				CLANG_WARN_STRICT_PROTOTYPES = YES;
				CLANG_WARN_SUSPICIOUS_MOVE = YES;
				CLANG_WARN_UNGUARDED_AVAILABILITY = YES_AGGRESSIVE;
				CLANG_WARN_UNREACHABLE_CODE = YES;
				CLANG_WARN__DUPLICATE_METHOD_MATCH = YES;
				COPY_PHASE_STRIP = NO;
				DEBUG_INFORMATION_FORMAT = dwarf;
				ENABLE_STRICT_OBJC_MSGSEND = YES;
				ENABLE_TESTABILITY = YES;
				GCC_C_LANGUAGE_STANDARD = gnu11;
				GCC_DYNAMIC_NO_PIC = NO;
				GCC_NO_COMMON_BLOCKS = YES;
				GCC_OPTIMIZATION_LEVEL = 0;
				GCC_PREPROCESSOR_DEFINITIONS = (
					"DEBUG=1",
					"$(inherited)",
				);
				GCC_WARN_64_TO_32_BIT_CONVERSION = YES;
				GCC_WARN_ABOUT_RETURN_TYPE = YES_ERROR;
				GCC_WARN_UNDECLARED_SELECTOR = YES;
				GCC_WARN_UNINITIALIZED_AUTOS = YES_AGGRESSIVE;
				GCC_WARN_UNUSED_FUNCTION = YES;
				GCC_WARN_UNUSED_VARIABLE = YES;
				IPHONEOS_DEPLOYMENT_TARGET = 14.4;
				MTL_ENABLE_DEBUG_INFO = INCLUDE_SOURCE;
				MTL_FAST_MATH = YES;
				ONLY_ACTIVE_ARCH = YES;
				SDKROOT = iphoneos;
				SWIFT_ACTIVE_COMPILATION_CONDITIONS = DEBUG;
				SWIFT_OPTIMIZATION_LEVEL = "-Onone";
			};
			name = Debug;
		};
		04CFB72425D4476900504965 /* Release */ = {
			isa = XCBuildConfiguration;
			buildSettings = {
				ALWAYS_SEARCH_USER_PATHS = NO;
				CLANG_ANALYZER_NONNULL = YES;
				CLANG_ANALYZER_NUMBER_OBJECT_CONVERSION = YES_AGGRESSIVE;
				CLANG_CXX_LANGUAGE_STANDARD = "gnu++14";
				CLANG_CXX_LIBRARY = "libc++";
				CLANG_ENABLE_MODULES = YES;
				CLANG_ENABLE_OBJC_ARC = YES;
				CLANG_ENABLE_OBJC_WEAK = YES;
				CLANG_WARN_BLOCK_CAPTURE_AUTORELEASING = YES;
				CLANG_WARN_BOOL_CONVERSION = YES;
				CLANG_WARN_COMMA = YES;
				CLANG_WARN_CONSTANT_CONVERSION = YES;
				CLANG_WARN_DEPRECATED_OBJC_IMPLEMENTATIONS = YES;
				CLANG_WARN_DIRECT_OBJC_ISA_USAGE = YES_ERROR;
				CLANG_WARN_DOCUMENTATION_COMMENTS = YES;
				CLANG_WARN_EMPTY_BODY = YES;
				CLANG_WARN_ENUM_CONVERSION = YES;
				CLANG_WARN_INFINITE_RECURSION = YES;
				CLANG_WARN_INT_CONVERSION = YES;
				CLANG_WARN_NON_LITERAL_NULL_CONVERSION = YES;
				CLANG_WARN_OBJC_IMPLICIT_RETAIN_SELF = YES;
				CLANG_WARN_OBJC_LITERAL_CONVERSION = YES;
				CLANG_WARN_OBJC_ROOT_CLASS = YES_ERROR;
				CLANG_WARN_QUOTED_INCLUDE_IN_FRAMEWORK_HEADER = YES;
				CLANG_WARN_RANGE_LOOP_ANALYSIS = YES;
				CLANG_WARN_STRICT_PROTOTYPES = YES;
				CLANG_WARN_SUSPICIOUS_MOVE = YES;
				CLANG_WARN_UNGUARDED_AVAILABILITY = YES_AGGRESSIVE;
				CLANG_WARN_UNREACHABLE_CODE = YES;
				CLANG_WARN__DUPLICATE_METHOD_MATCH = YES;
				COPY_PHASE_STRIP = NO;
				DEBUG_INFORMATION_FORMAT = "dwarf-with-dsym";
				ENABLE_NS_ASSERTIONS = NO;
				ENABLE_STRICT_OBJC_MSGSEND = YES;
				GCC_C_LANGUAGE_STANDARD = gnu11;
				GCC_NO_COMMON_BLOCKS = YES;
				GCC_WARN_64_TO_32_BIT_CONVERSION = YES;
				GCC_WARN_ABOUT_RETURN_TYPE = YES_ERROR;
				GCC_WARN_UNDECLARED_SELECTOR = YES;
				GCC_WARN_UNINITIALIZED_AUTOS = YES_AGGRESSIVE;
				GCC_WARN_UNUSED_FUNCTION = YES;
				GCC_WARN_UNUSED_VARIABLE = YES;
				IPHONEOS_DEPLOYMENT_TARGET = 14.4;
				MTL_ENABLE_DEBUG_INFO = NO;
				MTL_FAST_MATH = YES;
				SDKROOT = iphoneos;
				SWIFT_COMPILATION_MODE = wholemodule;
				SWIFT_OPTIMIZATION_LEVEL = "-O";
				VALIDATE_PRODUCT = YES;
			};
			name = Release;
		};
		04CFB72625D4476900504965 /* Debug */ = {
			isa = XCBuildConfiguration;
			buildSettings = {
				ASSETCATALOG_COMPILER_APPICON_NAME = AppIcon;
				ASSETCATALOG_COMPILER_GLOBAL_ACCENT_COLOR_NAME = AccentColor;
				CODE_SIGN_STYLE = Automatic;
				DEVELOPMENT_TEAM = 4J6A2SZA9Y;
				INFOPLIST_FILE = Memo/Info.plist;
				LD_RUNPATH_SEARCH_PATHS = (
					"$(inherited)",
					"@executable_path/Frameworks",
				);
				PRODUCT_BUNDLE_IDENTIFIER = app.goto.anchan.Memo;
				PRODUCT_NAME = "$(TARGET_NAME)";
				SWIFT_VERSION = 5.0;
				TARGETED_DEVICE_FAMILY = "1,2";
			};
			name = Debug;
		};
		04CFB72725D4476900504965 /* Release */ = {
			isa = XCBuildConfiguration;
			buildSettings = {
				ASSETCATALOG_COMPILER_APPICON_NAME = AppIcon;
				ASSETCATALOG_COMPILER_GLOBAL_ACCENT_COLOR_NAME = AccentColor;
				CODE_SIGN_STYLE = Automatic;
				DEVELOPMENT_TEAM = 4J6A2SZA9Y;
				INFOPLIST_FILE = Memo/Info.plist;
				LD_RUNPATH_SEARCH_PATHS = (
					"$(inherited)",
					"@executable_path/Frameworks",
				);
				PRODUCT_BUNDLE_IDENTIFIER = app.goto.anchan.Memo;
				PRODUCT_NAME = "$(TARGET_NAME)";
				SWIFT_VERSION = 5.0;
				TARGETED_DEVICE_FAMILY = "1,2";
			};
			name = Release;
		};
		04CFB72925D4476900504965 /* Debug */ = {
			isa = XCBuildConfiguration;
			buildSettings = {
				ALWAYS_EMBED_SWIFT_STANDARD_LIBRARIES = YES;
				BUNDLE_LOADER = "$(TEST_HOST)";
				CODE_SIGN_STYLE = Automatic;
				INFOPLIST_FILE = MemoTests/Info.plist;
				IPHONEOS_DEPLOYMENT_TARGET = 14.4;
				LD_RUNPATH_SEARCH_PATHS = (
					"$(inherited)",
					"@executable_path/Frameworks",
					"@loader_path/Frameworks",
				);
				PRODUCT_BUNDLE_IDENTIFIER = app.goto.anchan.MemoTests;
				PRODUCT_NAME = "$(TARGET_NAME)";
				SWIFT_VERSION = 5.0;
				TARGETED_DEVICE_FAMILY = "1,2";
				TEST_HOST = "$(BUILT_PRODUCTS_DIR)/Memo.app/Memo";
			};
			name = Debug;
		};
		04CFB72A25D4476900504965 /* Release */ = {
			isa = XCBuildConfiguration;
			buildSettings = {
				ALWAYS_EMBED_SWIFT_STANDARD_LIBRARIES = YES;
				BUNDLE_LOADER = "$(TEST_HOST)";
				CODE_SIGN_STYLE = Automatic;
				INFOPLIST_FILE = MemoTests/Info.plist;
				IPHONEOS_DEPLOYMENT_TARGET = 14.4;
				LD_RUNPATH_SEARCH_PATHS = (
					"$(inherited)",
					"@executable_path/Frameworks",
					"@loader_path/Frameworks",
				);
				PRODUCT_BUNDLE_IDENTIFIER = app.goto.anchan.MemoTests;
				PRODUCT_NAME = "$(TARGET_NAME)";
				SWIFT_VERSION = 5.0;
				TARGETED_DEVICE_FAMILY = "1,2";
				TEST_HOST = "$(BUILT_PRODUCTS_DIR)/Memo.app/Memo";
			};
			name = Release;
		};
		04CFB72C25D4476900504965 /* Debug */ = {
			isa = XCBuildConfiguration;
			buildSettings = {
				ALWAYS_EMBED_SWIFT_STANDARD_LIBRARIES = YES;
				CODE_SIGN_STYLE = Automatic;
				INFOPLIST_FILE = MemoUITests/Info.plist;
				LD_RUNPATH_SEARCH_PATHS = (
					"$(inherited)",
					"@executable_path/Frameworks",
					"@loader_path/Frameworks",
				);
				PRODUCT_BUNDLE_IDENTIFIER = app.goto.anchan.MemoUITests;
				PRODUCT_NAME = "$(TARGET_NAME)";
				SWIFT_VERSION = 5.0;
				TARGETED_DEVICE_FAMILY = "1,2";
				TEST_TARGET_NAME = Memo;
			};
			name = Debug;
		};
		04CFB72D25D4476900504965 /* Release */ = {
			isa = XCBuildConfiguration;
			buildSettings = {
				ALWAYS_EMBED_SWIFT_STANDARD_LIBRARIES = YES;
				CODE_SIGN_STYLE = Automatic;
				INFOPLIST_FILE = MemoUITests/Info.plist;
				LD_RUNPATH_SEARCH_PATHS = (
					"$(inherited)",
					"@executable_path/Frameworks",
					"@loader_path/Frameworks",
				);
				PRODUCT_BUNDLE_IDENTIFIER = app.goto.anchan.MemoUITests;
				PRODUCT_NAME = "$(TARGET_NAME)";
				SWIFT_VERSION = 5.0;
				TARGETED_DEVICE_FAMILY = "1,2";
				TEST_TARGET_NAME = Memo;
			};
			name = Release;
		};
/* End XCBuildConfiguration section */

/* Begin XCConfigurationList section */
		04CFB6F625D4476600504965 /* Build configuration list for PBXProject "Memo" */ = {
			isa = XCConfigurationList;
			buildConfigurations = (
				04CFB72325D4476900504965 /* Debug */,
				04CFB72425D4476900504965 /* Release */,
			);
			defaultConfigurationIsVisible = 0;
			defaultConfigurationName = Release;
		};
		04CFB72525D4476900504965 /* Build configuration list for PBXNativeTarget "Memo" */ = {
			isa = XCConfigurationList;
			buildConfigurations = (
				04CFB72625D4476900504965 /* Debug */,
				04CFB72725D4476900504965 /* Release */,
			);
			defaultConfigurationIsVisible = 0;
			defaultConfigurationName = Release;
		};
		04CFB72825D4476900504965 /* Build configuration list for PBXNativeTarget "MemoTests" */ = {
			isa = XCConfigurationList;
			buildConfigurations = (
				04CFB72925D4476900504965 /* Debug */,
				04CFB72A25D4476900504965 /* Release */,
			);
			defaultConfigurationIsVisible = 0;
			defaultConfigurationName = Release;
		};
		04CFB72B25D4476900504965 /* Build configuration list for PBXNativeTarget "MemoUITests" */ = {
			isa = XCConfigurationList;
			buildConfigurations = (
				04CFB72C25D4476900504965 /* Debug */,
				04CFB72D25D4476900504965 /* Release */,
			);
			defaultConfigurationIsVisible = 0;
			defaultConfigurationName = Release;
		};
/* End XCConfigurationList section */
	};
	rootObject = 04CFB6F325D4476600504965 /* Project object */;
}
